version = 1
revision = 3
requires-python = ">=3.13"

[[package]]
name = "pyparsing"
version = "3.3.2"
source = { registry = "https://pypi.org/simple" }
sdist = { url = "https://files.pythonhosted.org/packages/f3/91/9c6ee907786a473bf81c5f53cf703ba0957b23ab84c264080fb5a450416f/pyparsing-3.3.2.tar.gz", hash = "sha256:c777f4d763f140633dcb6d8a3eda953bf7a214dc4eff598413c070bcdc117cbc", size = 6851574, upload-time = "2026-01-21T03:57:59.36Z" }
wheels = [
    { url = "https://files.pythonhosted.org/packages/10/bd/c038d7cc38edc1aa5bf91ab8068b63d4308c66c4c8bb3cbba7dfbc049f9c/pyparsing-3.3.2-py3-none-any.whl", hash = "sha256:850ba148bd908d7e2411587e247a1e4f0327839c40e2e5e6d05a007ecc69911d", size = 122781, upload-time = "2026-01-21T03:57:55.912Z" },
]

[[package]]
name = "textcase"
version = "0.4.5"
source = { registry = "https://pypi.org/simple" }
sdist = { url = "https://files.pythonhosted.org/packages/c0/08/991940591c7a8de25505a4e43642d1c2b54f43c3ed76f8c90f1df6ee9525/textcase-0.4.5.tar.gz", hash = "sha256:97fd08754b7dba9bfa5daf4ace474645f6b66409fb00f483c5de729e730f8e52", size = 6988, upload-time = "2025-10-10T15:11:25.476Z" }
wheels = [
    { url = "https://files.pythonhosted.org/packages/5b/48/6ea42c749608cfca883d5d8fae03edbcde636090d2bc751fd5da9157b451/textcase-0.4.5-py3-none-any.whl", hash = "sha256:bd5d6aaf653b339e3ac60ad96cfc960a94219a97da464eddeed7084f41774937", size = 6503, upload-time = "2025-10-10T15:11:24.294Z" },
]

[[package]]
name = "vkdefs"
version = "0.1.0"
source = { editable = "." }
dependencies = [
    { name = "textcase" },
    { name = "vulkan-object" },
]

[package.metadata]
requires-dist = [
    { name = "textcase", specifier = ">=0.4.5" },
    { name = "vulkan-object", specifier = ">=1.4.362" },
]

[[package]]
name = "vulkan-object"
version = "1.4.362"
source = { registry = "https://pypi.org/simple" }
dependencies = [
    { name = "pyparsing" },
]
sdist = { url = "https://files.pythonhosted.org/packages/a1/b9/3452e373c44451121c88d81ae35f55c41a244a402ef6fd35c432bec05119/vulkan_object-1.4.362.tar.gz", hash = "sha256:9bf2a1eb2aac68be11eea6c03b9f38676e85b7484bf244eb6e23806f34fb48a6", size = 414050, upload-time = "2026-09-04T14:31:54.53Z" }
wheels = [
    { url = "https://files.pythonhosted.org/packages/07/29/a3db92fb48a3bc38893c27883ba8bcaf1377c3291bd8e9d37d5f55266964/vulkan_object-1.4.362-py3-none-any.whl", hash = "sha256:28ed7e273c5cd53895ddb71433726a5d3fac63fc95571c86220d6291044ea969", size = 423663, upload-time = "2026-09-04T14:31:53.122Z" },
]
